
Microsoft Visual Studio Solution File, Format Version 12.00
# Visual Studio Version 17
VisualStudioVersion = 17.0.31919.166
MinimumVisualStudioVersion = 10.0.40219.1
Project("{9A19103F-16F7-4668-BE54-9A1E7A4F7556}") = "HealthCareAPI", "HealthCare\HealthCareAPI.csproj", "{9BACAE7B-E2B1-4330-AE15-39B09330A17B}"
EndProject
Project("{9A19103F-16F7-4668-BE54-9A1E7A4F7556}") = "HealthCare.Data", "HealthCare.Data\HealthCare.Data.csproj", "{EB229FA6-5CC3-4D6D-924D-7C6CFB07DE33}"
EndProject
Global
	GlobalSection(SolutionConfigurationPlatforms) = preSolution
		Debug|Any CPU = Debug|Any CPU
		Release|Any CPU = Release|Any CPU
	EndGlobalSection
	GlobalSection(ProjectConfigurationPlatforms) = postSolution
		{9BACAE7B-E2B1-4330-AE15-39B09330A17B}.Debug|Any CPU.ActiveCfg = Debug|Any CPU
		{9BACAE7B-E2B1-4330-AE15-39B09330A17B}.Debug|Any CPU.Build.0 = Debug|Any CPU
		{9BACAE7B-E2B1-4330-AE15-39B09330A17B}.Release|Any CPU.ActiveCfg = Release|Any CPU
		{9BACAE7B-E2B1-4330-AE15-39B09330A17B}.Release|Any CPU.Build.0 = Release|Any CPU
		{EB229FA6-5CC3-4D6D-924D-7C6CFB07DE33}.Debug|Any CPU.ActiveCfg = Debug|Any CPU
		{EB229FA6-5CC3-4D6D-924D-7C6CFB07DE33}.Debug|Any CPU.Build.0 = Debug|Any CPU
		{EB229FA6-5CC3-4D6D-924D-7C6CFB07DE33}.Release|Any CPU.ActiveCfg = Release|Any CPU
		{EB229FA6-5CC3-4D6D-924D-7C6CFB07DE33}.Release|Any CPU.Build.0 = Release|Any CPU
	EndGlobalSection
	GlobalSection(SolutionProperties) = preSolution
		HideSolutionNode = FALSE
	EndGlobalSection
	GlobalSection(ExtensibilityGlobals) = postSolution
		SolutionGuid = {7FDD9865-40E6-4B37-886A-D183B88C90A7}
	EndGlobalSection
EndGlobal
